// !$*UTF8*$!
{
	archiveVersion = 1;
	classes = {
	};
	objectVersion = 56;
	objects = {

/* Begin PBXBuildFile section */
		6895506A291B8B8E0050636E /* UberSwiftApp.swift in Sources */ = {isa = PBXBuildFile; fileRef = 68955069291B8B8E0050636E /* UberSwiftApp.swift */; };
		6895506E291B8B8F0050636E /* Assets.xcassets in Resources */ = {isa = PBXBuildFile; fileRef = 6895506D291B8B8F0050636E /* Assets.xcassets */; };
		68955071291B8B8F0050636E /* Preview Assets.xcassets in Resources */ = {isa = PBXBuildFile; fileRef = 68955070291B8B8F0050636E /* Preview Assets.xcassets */; };
		68955083291B8C260050636E /* HomeView.swift in Sources */ = {isa = PBXBuildFile; fileRef = 68955082291B8C260050636E /* HomeView.swift */; };
		68955085291B8DBC0050636E /* UberMapViewRepresentable.swift in Sources */ = {isa = PBXBuildFile; fileRef = 68955084291B8DBC0050636E /* UberMapViewRepresentable.swift */; };
		68955087291B8F2D0050636E /* LocationManager.swift in Sources */ = {isa = PBXBuildFile; fileRef = 68955086291B8F2D0050636E /* LocationManager.swift */; };
		68CED33A291BCBBD00A0E86D /* LocationSearchView.swift in Sources */ = {isa = PBXBuildFile; fileRef = 68CED339291BCBBD00A0E86D /* LocationSearchView.swift */; };
		68CED33C291BCE3700A0E86D /* LocationSearchResultCell.swift in Sources */ = {isa = PBXBuildFile; fileRef = 68CED33B291BCE3700A0E86D /* LocationSearchResultCell.swift */; };
		68CED33E291BE5D400A0E86D /* LocationSearchViewModel.swift in Sources */ = {isa = PBXBuildFile; fileRef = 68CED33D291BE5D400A0E86D /* LocationSearchViewModel.swift */; };
/* End PBXBuildFile section */

/* Begin PBXFileReference section */
		68955066291B8B8E0050636E /* UberSwift.app */ = {isa = PBXFileReference; explicitFileType = wrapper.application; includeInIndex = 0; path = UberSwift.app; sourceTree = BUILT_PRODUCTS_DIR; };
		68955069291B8B8E0050636E /* UberSwiftApp.swift */ = {isa = PBXFileReference; lastKnownFileType = sourcecode.swift; path = UberSwiftApp.swift; sourceTree = "<group>"; };
		6895506D291B8B8F0050636E /* Assets.xcassets */ = {isa = PBXFileReference; lastKnownFileType = folder.assetcatalog; path = Assets.xcassets; sourceTree = "<group>"; };
		68955070291B8B8F0050636E /* Preview Assets.xcassets */ = {isa = PBXFileReference; lastKnownFileType = folder.assetcatalog; path = "Preview Assets.xcassets"; sourceTree = "<group>"; };
		68955082291B8C260050636E /* HomeView.swift */ = {isa = PBXFileReference; lastKnownFileType = sourcecode.swift; path = HomeView.swift; sourceTree = "<group>"; };
		68955084291B8DBC0050636E /* UberMapViewRepresentable.swift */ = {isa = PBXFileReference; lastKnownFileType = sourcecode.swift; path = UberMapViewRepresentable.swift; sourceTree = "<group>"; };
		68955086291B8F2D0050636E /* LocationManager.swift */ = {isa = PBXFileReference; lastKnownFileType = sourcecode.swift; path = LocationManager.swift; sourceTree = "<group>"; };
		68CED339291BCBBD00A0E86D /* LocationSearchView.swift */ = {isa = PBXFileReference; lastKnownFileType = sourcecode.swift; path = LocationSearchView.swift; sourceTree = "<group>"; };
		68CED33B291BCE3700A0E86D /* LocationSearchResultCell.swift */ = {isa = PBXFileReference; lastKnownFileType = sourcecode.swift; path = LocationSearchResultCell.swift; sourceTree = "<group>"; };
		68CED33D291BE5D400A0E86D /* LocationSearchViewModel.swift */ = {isa = PBXFileReference; lastKnownFileType = sourcecode.swift; path = LocationSearchViewModel.swift; sourceTree = "<group>"; };
/* End PBXFileReference section */

/* Begin PBXFrameworksBuildPhase section */
		68955063291B8B8E0050636E /* Frameworks */ = {
			isa = PBXFrameworksBuildPhase;
			buildActionMask = 2147483647;
			files = (
			);
			runOnlyForDeploymentPostprocessing = 0;
		};
/* End PBXFrameworksBuildPhase section */

/* Begin PBXGroup section */
		6895505D291B8B8E0050636E = {
			isa = PBXGroup;
			children = (
				68955068291B8B8E0050636E /* UberSwift */,
				68955067291B8B8E0050636E /* Products */,
			);
			sourceTree = "<group>";
		};
		68955067291B8B8E0050636E /* Products */ = {
			isa = PBXGroup;
			children = (
				68955066291B8B8E0050636E /* UberSwift.app */,
			);
			name = Products;
			sourceTree = "<group>";
		};
		68955068291B8B8E0050636E /* UberSwift */ = {
			isa = PBXGroup;
			children = (
				6895507F291B8BBA0050636E /* App */,
				6895507E291B8BB80050636E /* Core */,
				6895507D291B8BB60050636E /* Extensions */,
				6895507B291B8BB00050636E /* Managers */,
				68955077291B8BA60050636E /* Models */,
				6895506D291B8B8F0050636E /* Assets.xcassets */,
				6895506F291B8B8F0050636E /* Preview Content */,
			);
			path = UberSwift;
			sourceTree = "<group>";
		};
		6895506F291B8B8F0050636E /* Preview Content */ = {
			isa = PBXGroup;
			children = (
				68955070291B8B8F0050636E /* Preview Assets.xcassets */,
			);
			path = "Preview Content";
			sourceTree = "<group>";
		};
		68955077291B8BA60050636E /* Models */ = {
			isa = PBXGroup;
			children = (
			);
			path = Models;
			sourceTree = "<group>";
		};
		6895507B291B8BB00050636E /* Managers */ = {
			isa = PBXGroup;
			children = (
				68955086291B8F2D0050636E /* LocationManager.swift */,
			);
			path = Managers;
			sourceTree = "<group>";
		};
		6895507D291B8BB60050636E /* Extensions */ = {
			isa = PBXGroup;
			children = (
			);
			path = Extensions;
			sourceTree = "<group>";
		};
		6895507E291B8BB80050636E /* Core */ = {
			isa = PBXGroup;
			children = (
				68955089291BC73E0050636E /* LocationSearch */,
				68955088291BC7350050636E /* Home */,
			);
			path = Core;
			sourceTree = "<group>";
		};
		6895507F291B8BBA0050636E /* App */ = {
			isa = PBXGroup;
			children = (
				68955069291B8B8E0050636E /* UberSwiftApp.swift */,
			);
			path = App;
			sourceTree = "<group>";
		};
		68955080291B8C0F0050636E /* ViewModels */ = {
			isa = PBXGroup;
			children = (
			);
			path = ViewModels;
			sourceTree = "<group>";
		};
		68955081291B8C170050636E /* Views */ = {
			isa = PBXGroup;
			children = (
				68955082291B8C260050636E /* HomeView.swift */,
				68955084291B8DBC0050636E /* UberMapViewRepresentable.swift */,
			);
			path = Views;
			sourceTree = "<group>";
		};
		68955088291BC7350050636E /* Home */ = {
			isa = PBXGroup;
			children = (
				68955081291B8C170050636E /* Views */,
				68955080291B8C0F0050636E /* ViewModels */,
			);
			path = Home;
			sourceTree = "<group>";
		};
		68955089291BC73E0050636E /* LocationSearch */ = {
			isa = PBXGroup;
			children = (
				6895508B291BC75D0050636E /* Views */,
				6895508A291BC7550050636E /* ViewModels */,
			);
			path = LocationSearch;
			sourceTree = "<group>";
		};
		6895508A291BC7550050636E /* ViewModels */ = {
			isa = PBXGroup;
			children = (
				68CED33D291BE5D400A0E86D /* LocationSearchViewModel.swift */,
			);
			path = ViewModels;
			sourceTree = "<group>";
		};
		6895508B291BC75D0050636E /* Views */ = {
			isa = PBXGroup;
			children = (
				68CED339291BCBBD00A0E86D /* LocationSearchView.swift */,
				68CED33B291BCE3700A0E86D /* LocationSearchResultCell.swift */,
			);
			path = Views;
			sourceTree = "<group>";
		};
/* End PBXGroup section */

/* Begin PBXNativeTarget section */
		68955065291B8B8E0050636E /* UberSwift */ = {
			isa = PBXNativeTarget;
			buildConfigurationList = 68955074291B8B8F0050636E /* Build configuration list for PBXNativeTarget "UberSwift" */;
			buildPhases = (
				68955062291B8B8E0050636E /* Sources */,
				68955063291B8B8E0050636E /* Frameworks */,
				68955064291B8B8E0050636E /* Resources */,
			);
			buildRules = (
			);
			dependencies = (
			);
			name = UberSwift;
			productName = UberSwift;
			productReference = 68955066291B8B8E0050636E /* UberSwift.app */;
			productType = "com.apple.product-type.application";
		};
/* End PBXNativeTarget section */

/* Begin PBXProject section */
		6895505E291B8B8E0050636E /* Project object */ = {
			isa = PBXProject;
			attributes = {
				BuildIndependentTargetsInParallel = 1;
				LastSwiftUpdateCheck = 1410;
				LastUpgradeCheck = 1410;
				TargetAttributes = {
					68955065291B8B8E0050636E = {
						CreatedOnToolsVersion = 14.1;
					};
				};
			};
			buildConfigurationList = 68955061291B8B8E0050636E /* Build configuration list for PBXProject "UberSwift" */;
			compatibilityVersion = "Xcode 14.0";
			developmentRegion = en;
			hasScannedForEncodings = 0;
			knownRegions = (
				en,
				Base,
			);
			mainGroup = 6895505D291B8B8E0050636E;
			productRefGroup = 68955067291B8B8E0050636E /* Products */;
			projectDirPath = "";
			projectRoot = "";
			targets = (
				68955065291B8B8E0050636E /* UberSwift */,
			);
		};
/* End PBXProject section */

/* Begin PBXResourcesBuildPhase section */
		68955064291B8B8E0050636E /* Resources */ = {
			isa = PBXResourcesBuildPhase;
			buildActionMask = 2147483647;
			files = (
				68955071291B8B8F0050636E /* Preview Assets.xcassets in Resources */,
				6895506E291B8B8F0050636E /* Assets.xcassets in Resources */,
			);
			runOnlyForDeploymentPostprocessing = 0;
		};
/* End PBXResourcesBuildPhase section */

/* Begin PBXSourcesBuildPhase section */
		68955062291B8B8E0050636E /* Sources */ = {
			isa = PBXSourcesBuildPhase;
			buildActionMask = 2147483647;
			files = (
				68CED33A291BCBBD00A0E86D /* LocationSearchView.swift in Sources */,
				68955087291B8F2D0050636E /* LocationManager.swift in Sources */,
				6895506A291B8B8E0050636E /* UberSwiftApp.swift in Sources */,
				68955085291B8DBC0050636E /* UberMapViewRepresentable.swift in Sources */,
				68CED33E291BE5D400A0E86D /* LocationSearchViewModel.swift in Sources */,
				68955083291B8C260050636E /* HomeView.swift in Sources */,
				68CED33C291BCE3700A0E86D /* LocationSearchResultCell.swift in Sources */,
			);
			runOnlyForDeploymentPostprocessing = 0;
		};
/* End PBXSourcesBuildPhase section */

/* Begin XCBuildConfiguration section */
		68955072291B8B8F0050636E /* Debug */ = {
			isa = XCBuildConfiguration;
			buildSettings = {
				ALWAYS_SEARCH_USER_PATHS = NO;
				CLANG_ANALYZER_NONNULL = YES;
				CLANG_ANALYZER_NUMBER_OBJECT_CONVERSION = YES_AGGRESSIVE;
				CLANG_CXX_LANGUAGE_STANDARD = "gnu++20";
				CLANG_ENABLE_MODULES = YES;
				CLANG_ENABLE_OBJC_ARC = YES;
				CLANG_ENABLE_OBJC_WEAK = YES;
				CLANG_WARN_BLOCK_CAPTURE_AUTORELEASING = YES;
				CLANG_WARN_BOOL_CONVERSION = YES;
				CLANG_WARN_COMMA = YES;
				CLANG_WARN_CONSTANT_CONVERSION = YES;
				CLANG_WARN_DEPRECATED_OBJC_IMPLEMENTATIONS = YES;
				CLANG_WARN_DIRECT_OBJC_ISA_USAGE = YES_ERROR;
				CLANG_WARN_DOCUMENTATION_COMMENTS = YES;
				CLANG_WARN_EMPTY_BODY = YES;
				CLANG_WARN_ENUM_CONVERSION = YES;
				CLANG_WARN_INFINITE_RECURSION = YES;
				CLANG_WARN_INT_CONVERSION = YES;
				CLANG_WARN_NON_LITERAL_NULL_CONVERSION = YES;
				CLANG_WARN_OBJC_IMPLICIT_RETAIN_SELF = YES;
				CLANG_WARN_OBJC_LITERAL_CONVERSION = YES;
				CLANG_WARN_OBJC_ROOT_CLASS = YES_ERROR;
				CLANG_WARN_QUOTED_INCLUDE_IN_FRAMEWORK_HEADER = YES;
				CLANG_WARN_RANGE_LOOP_ANALYSIS = YES;
				CLANG_WARN_STRICT_PROTOTYPES = YES;
				CLANG_WARN_SUSPICIOUS_MOVE = YES;
				CLANG_WARN_UNGUARDED_AVAILABILITY = YES_AGGRESSIVE;
				CLANG_WARN_UNREACHABLE_CODE = YES;
				CLANG_WARN__DUPLICATE_METHOD_MATCH = YES;
				COPY_PHASE_STRIP = NO;
				DEBUG_INFORMATION_FORMAT = dwarf;
				ENABLE_STRICT_OBJC_MSGSEND = YES;
				ENABLE_TESTABILITY = YES;
				GCC_C_LANGUAGE_STANDARD = gnu11;
				GCC_DYNAMIC_NO_PIC = NO;
				GCC_NO_COMMON_BLOCKS = YES;
				GCC_OPTIMIZATION_LEVEL = 0;
				GCC_PREPROCESSOR_DEFINITIONS = (
					"DEBUG=1",
					"$(inherited)",
				);
				GCC_WARN_64_TO_32_BIT_CONVERSION = YES;
				GCC_WARN_ABOUT_RETURN_TYPE = YES_ERROR;
				GCC_WARN_UNDECLARED_SELECTOR = YES;
				GCC_WARN_UNINITIALIZED_AUTOS = YES_AGGRESSIVE;
				GCC_WARN_UNUSED_FUNCTION = YES;
				GCC_WARN_UNUSED_VARIABLE = YES;
				IPHONEOS_DEPLOYMENT_TARGET = 16.1;
				MTL_ENABLE_DEBUG_INFO = INCLUDE_SOURCE;
				MTL_FAST_MATH = YES;
				ONLY_ACTIVE_ARCH = YES;
				SDKROOT = iphoneos;
				SWIFT_ACTIVE_COMPILATION_CONDITIONS = DEBUG;
				SWIFT_OPTIMIZATION_LEVEL = "-Onone";
			};
			name = Debug;
		};
		68955073291B8B8F0050636E /* Release */ = {
			isa = XCBuildConfiguration;
			buildSettings = {
				ALWAYS_SEARCH_USER_PATHS = NO;
				CLANG_ANALYZER_NONNULL = YES;
				CLANG_ANALYZER_NUMBER_OBJECT_CONVERSION = YES_AGGRESSIVE;
				CLANG_CXX_LANGUAGE_STANDARD = "gnu++20";
				CLANG_ENABLE_MODULES = YES;
				CLANG_ENABLE_OBJC_ARC = YES;
				CLANG_ENABLE_OBJC_WEAK = YES;
				CLANG_WARN_BLOCK_CAPTURE_AUTORELEASING = YES;
				CLANG_WARN_BOOL_CONVERSION = YES;
				CLANG_WARN_COMMA = YES;
				CLANG_WARN_CONSTANT_CONVERSION = YES;
				CLANG_WARN_DEPRECATED_OBJC_IMPLEMENTATIONS = YES;
				CLANG_WARN_DIRECT_OBJC_ISA_USAGE = YES_ERROR;
				CLANG_WARN_DOCUMENTATION_COMMENTS = YES;
				CLANG_WARN_EMPTY_BODY = YES;
				CLANG_WARN_ENUM_CONVERSION = YES;
				CLANG_WARN_INFINITE_RECURSION = YES;
				CLANG_WARN_INT_CONVERSION = YES;
				CLANG_WARN_NON_LITERAL_NULL_CONVERSION = YES;
				CLANG_WARN_OBJC_IMPLICIT_RETAIN_SELF = YES;
				CLANG_WARN_OBJC_LITERAL_CONVERSION = YES;
				CLANG_WARN_OBJC_ROOT_CLASS = YES_ERROR;
				CLANG_WARN_QUOTED_INCLUDE_IN_FRAMEWORK_HEADER = YES;
				CLANG_WARN_RANGE_LOOP_ANALYSIS = YES;
				CLANG_WARN_STRICT_PROTOTYPES = YES;
				CLANG_WARN_SUSPICIOUS_MOVE = YES;
				CLANG_WARN_UNGUARDED_AVAILABILITY = YES_AGGRESSIVE;
				CLANG_WARN_UNREACHABLE_CODE = YES;
				CLANG_WARN__DUPLICATE_METHOD_MATCH = YES;
				COPY_PHASE_STRIP = NO;
				DEBUG_INFORMATION_FORMAT = "dwarf-with-dsym";
				ENABLE_NS_ASSERTIONS = NO;
				ENABLE_STRICT_OBJC_MSGSEND = YES;
				GCC_C_LANGUAGE_STANDARD = gnu11;
				GCC_NO_COMMON_BLOCKS = YES;
				GCC_WARN_64_TO_32_BIT_CONVERSION = YES;
				GCC_WARN_ABOUT_RETURN_TYPE = YES_ERROR;
				GCC_WARN_UNDECLARED_SELECTOR = YES;
				GCC_WARN_UNINITIALIZED_AUTOS = YES_AGGRESSIVE;
				GCC_WARN_UNUSED_FUNCTION = YES;
				GCC_WARN_UNUSED_VARIABLE = YES;
				IPHONEOS_DEPLOYMENT_TARGET = 16.1;
				MTL_ENABLE_DEBUG_INFO = NO;
				MTL_FAST_MATH = YES;
				SDKROOT = iphoneos;
				SWIFT_COMPILATION_MODE = wholemodule;
				SWIFT_OPTIMIZATION_LEVEL = "-O";
				VALIDATE_PRODUCT = YES;
			};
			name = Release;
		};
		68955075291B8B8F0050636E /* Debug */ = {
			isa = XCBuildConfiguration;
			buildSettings = {
				ASSETCATALOG_COMPILER_APPICON_NAME = AppIcon;
				ASSETCATALOG_COMPILER_GLOBAL_ACCENT_COLOR_NAME = AccentColor;
				CODE_SIGN_STYLE = Automatic;
				CURRENT_PROJECT_VERSION = 1;
				DEVELOPMENT_ASSET_PATHS = "\"UberSwift/Preview Content\"";
				DEVELOPMENT_TEAM = 39CM546LFY;
				ENABLE_PREVIEWS = YES;
				GENERATE_INFOPLIST_FILE = YES;
				INFOPLIST_KEY_NSLocationWhenInUseUsageDescription = "주변 드라이버를 찾기 위해 위치정보 사용을 허용해주세요.";
				INFOPLIST_KEY_UIApplicationSceneManifest_Generation = YES;
				INFOPLIST_KEY_UIApplicationSupportsIndirectInputEvents = YES;
				INFOPLIST_KEY_UILaunchScreen_Generation = YES;
				INFOPLIST_KEY_UISupportedInterfaceOrientations_iPad = "UIInterfaceOrientationPortrait UIInterfaceOrientationPortraitUpsideDown UIInterfaceOrientationLandscapeLeft UIInterfaceOrientationLandscapeRight";
				INFOPLIST_KEY_UISupportedInterfaceOrientations_iPhone = "UIInterfaceOrientationPortrait UIInterfaceOrientationLandscapeLeft UIInterfaceOrientationLandscapeRight";
				LD_RUNPATH_SEARCH_PATHS = (
					"$(inherited)",
					"@executable_path/Frameworks",
				);
				MARKETING_VERSION = 1.0;
				PRODUCT_BUNDLE_IDENTIFIER = com.project.UberSwift;
				PRODUCT_NAME = "$(TARGET_NAME)";
				SWIFT_EMIT_LOC_STRINGS = YES;
				SWIFT_VERSION = 5.0;
				TARGETED_DEVICE_FAMILY = "1,2";
			};
			name = Debug;
		};
		68955076291B8B8F0050636E /* Release */ = {
			isa = XCBuildConfiguration;
			buildSettings = {
				ASSETCATALOG_COMPILER_APPICON_NAME = AppIcon;
				ASSETCATALOG_COMPILER_GLOBAL_ACCENT_COLOR_NAME = AccentColor;
				CODE_SIGN_STYLE = Automatic;
				CURRENT_PROJECT_VERSION = 1;
				DEVELOPMENT_ASSET_PATHS = "\"UberSwift/Preview Content\"";
				DEVELOPMENT_TEAM = 39CM546LFY;
				ENABLE_PREVIEWS = YES;
				GENERATE_INFOPLIST_FILE = YES;
				INFOPLIST_KEY_NSLocationWhenInUseUsageDescription = "주변 드라이버를 찾기 위해 위치정보 사용을 허용해주세요.";
				INFOPLIST_KEY_UIApplicationSceneManifest_Generation = YES;
				INFOPLIST_KEY_UIApplicationSupportsIndirectInputEvents = YES;
				INFOPLIST_KEY_UILaunchScreen_Generation = YES;
				INFOPLIST_KEY_UISupportedInterfaceOrientations_iPad = "UIInterfaceOrientationPortrait UIInterfaceOrientationPortraitUpsideDown UIInterfaceOrientationLandscapeLeft UIInterfaceOrientationLandscapeRight";
				INFOPLIST_KEY_UISupportedInterfaceOrientations_iPhone = "UIInterfaceOrientationPortrait UIInterfaceOrientationLandscapeLeft UIInterfaceOrientationLandscapeRight";
				LD_RUNPATH_SEARCH_PATHS = (
					"$(inherited)",
					"@executable_path/Frameworks",
				);
				MARKETING_VERSION = 1.0;
				PRODUCT_BUNDLE_IDENTIFIER = com.project.UberSwift;
				PRODUCT_NAME = "$(TARGET_NAME)";
				SWIFT_EMIT_LOC_STRINGS = YES;
				SWIFT_VERSION = 5.0;
				TARGETED_DEVICE_FAMILY = "1,2";
			};
			name = Release;
		};
/* End XCBuildConfiguration section */

/* Begin XCConfigurationList section */
		68955061291B8B8E0050636E /* Build configuration list for PBXProject "UberSwift" */ = {
			isa = XCConfigurationList;
			buildConfigurations = (
				68955072291B8B8F0050636E /* Debug */,
				68955073291B8B8F0050636E /* Release */,
			);
			defaultConfigurationIsVisible = 0;
			defaultConfigurationName = Release;
		};
		68955074291B8B8F0050636E /* Build configuration list for PBXNativeTarget "UberSwift" */ = {
			isa = XCConfigurationList;
			buildConfigurations = (
				68955075291B8B8F0050636E /* Debug */,
				68955076291B8B8F0050636E /* Release */,
			);
			defaultConfigurationIsVisible = 0;
			defaultConfigurationName = Release;
		};
/* End XCConfigurationList section */
	};
	rootObject = 6895505E291B8B8E0050636E /* Project object */;
}
